
Microsoft Visual Studio Solution File, Format Version 12.00
# Visual Studio Version 17
VisualStudioVersion = 17.0.32014.148
MinimumVisualStudioVersion = 10.0.40219.1
Project("{2150E333-8FDC-42A3-9474-1A3956D46DE8}") = "Doc", "Doc", "{0A543007-2C8C-40EF-A466-94AE05E2D42B}"
EndProject
Project("{2150E333-8FDC-42A3-9474-1A3956D46DE8}") = "Tests", "Tests", "{7C054C3F-A55D-4B9B-BBDD-33750831EA74}"
EndProject
Project("{2150E333-8FDC-42A3-9474-1A3956D46DE8}") = "Src", "Src", "{D9B82D6D-725F-4445-9577-119E16335A01}"
EndProject
Project("{2150E333-8FDC-42A3-9474-1A3956D46DE8}") = "Solution items", "Solution items", "{734AD662-6673-4270-AD83-39B2F93FA8CB}"
EndProject
Project("{9A19103F-16F7-4668-BE54-9A1E7A4F7556}") = "Sandogh.Application", "Src\Core\Sandogh.Application\Sandogh.Application.csproj", "{4F6C87D3-CF63-49C7-9271-4883B0DCC3C4}"
EndProject
Project("{2150E333-8FDC-42A3-9474-1A3956D46DE8}") = "Core", "Core", "{FBAC7625-F21F-4D4D-A566-EADC3A9FB7D9}"
EndProject
Project("{9A19103F-16F7-4668-BE54-9A1E7A4F7556}") = "Sandogh.Domain", "Src\Core\Sandogh.Domain\Sandogh.Domain.csproj", "{8D2B35A2-1491-4986-9D08-E2A753A0CB2D}"
EndProject
Project("{2150E333-8FDC-42A3-9474-1A3956D46DE8}") = "Infrastructures", "Infrastructures", "{2D69E592-8AA6-469D-BC41-E76A963B77EB}"
EndProject
Project("{2150E333-8FDC-42A3-9474-1A3956D46DE8}") = "Presentaions", "Presentaions", "{DB55F678-474B-4C16-8EB1-E1F4F12DF6A5}"
EndProject
Project("{9A19103F-16F7-4668-BE54-9A1E7A4F7556}") = "Sandogh.Admin.EndPoint", "Src\Presentation\Sandogh.Admin.EndPoint\Sandogh.Admin.EndPoint.csproj", "{69BC8213-7AEC-4FFE-A9A8-94DF7367BA4E}"
EndProject
Project("{9A19103F-16F7-4668-BE54-9A1E7A4F7556}") = "Sandogh.WebSite.EndPoint", "Src\Presentation\Sandogh.WebSite.EndPoint\Sandogh.WebSite.EndPoint.csproj", "{B008AB9D-2441-42F2-8B4E-2EE6DE8512E4}"
EndProject
Project("{2150E333-8FDC-42A3-9474-1A3956D46DE8}") = "Core", "Core", "{32677160-4201-47FD-8681-82693C939732}"
EndProject
Project("{2150E333-8FDC-42A3-9474-1A3956D46DE8}") = "Presentation", "Presentation", "{F9A9CDB6-3381-4670-B6B8-22AC05465724}"
EndProject
Project("{2150E333-8FDC-42A3-9474-1A3956D46DE8}") = "Application", "Application", "{1DE4054A-FC1C-4369-83A6-9D91336D49B4}"
EndProject
Project("{2150E333-8FDC-42A3-9474-1A3956D46DE8}") = "Domain", "Domain", "{180DC7E6-ECCA-493E-8264-B27FDC0A40DE}"
EndProject
Project("{9A19103F-16F7-4668-BE54-9A1E7A4F7556}") = "Sandogh.Infrastructure", "Src\Infrastructures\Sandogh.Infrastructure\Sandogh.Infrastructure.csproj", "{22C2DE33-FEC6-4A80-ADE6-F28E080F1E8A}"
EndProject
Project("{9A19103F-16F7-4668-BE54-9A1E7A4F7556}") = "Sandogh.Persistance", "Src\Infrastructures\Sandogh.Persistance\Sandogh.Persistance.csproj", "{71B48C97-7A88-4B21-9B82-A047FBAC9B1B}"
EndProject
Project("{9A19103F-16F7-4668-BE54-9A1E7A4F7556}") = "ApplicationTest", "Tests\Core\Application\ApplicationTest\ApplicationTest.csproj", "{5A4E1B6A-ECDD-4435-938D-3127E1C63E74}"
EndProject
Project("{2150E333-8FDC-42A3-9474-1A3956D46DE8}") = "AdminEndPoint", "AdminEndPoint", "{E4660CD5-4580-40BB-BEB4-261E819E6426}"
EndProject
Project("{2150E333-8FDC-42A3-9474-1A3956D46DE8}") = "WebSiteEndpoint", "WebSiteEndpoint", "{48D61DC2-E13C-4A02-B1E0-26F82EF95C44}"
EndProject
Global
	GlobalSection(SolutionConfigurationPlatforms) = preSolution
		Debug|Any CPU = Debug|Any CPU
		Release|Any CPU = Release|Any CPU
	EndGlobalSection
	GlobalSection(ProjectConfigurationPlatforms) = postSolution
		{4F6C87D3-CF63-49C7-9271-4883B0DCC3C4}.Debug|Any CPU.ActiveCfg = Debug|Any CPU
		{4F6C87D3-CF63-49C7-9271-4883B0DCC3C4}.Debug|Any CPU.Build.0 = Debug|Any CPU
		{4F6C87D3-CF63-49C7-9271-4883B0DCC3C4}.Release|Any CPU.ActiveCfg = Release|Any CPU
		{4F6C87D3-CF63-49C7-9271-4883B0DCC3C4}.Release|Any CPU.Build.0 = Release|Any CPU
		{8D2B35A2-1491-4986-9D08-E2A753A0CB2D}.Debug|Any CPU.ActiveCfg = Debug|Any CPU
		{8D2B35A2-1491-4986-9D08-E2A753A0CB2D}.Debug|Any CPU.Build.0 = Debug|Any CPU
		{8D2B35A2-1491-4986-9D08-E2A753A0CB2D}.Release|Any CPU.ActiveCfg = Release|Any CPU
		{8D2B35A2-1491-4986-9D08-E2A753A0CB2D}.Release|Any CPU.Build.0 = Release|Any CPU
		{69BC8213-7AEC-4FFE-A9A8-94DF7367BA4E}.Debug|Any CPU.ActiveCfg = Debug|Any CPU
		{69BC8213-7AEC-4FFE-A9A8-94DF7367BA4E}.Debug|Any CPU.Build.0 = Debug|Any CPU
		{69BC8213-7AEC-4FFE-A9A8-94DF7367BA4E}.Release|Any CPU.ActiveCfg = Release|Any CPU
		{69BC8213-7AEC-4FFE-A9A8-94DF7367BA4E}.Release|Any CPU.Build.0 = Release|Any CPU
		{B008AB9D-2441-42F2-8B4E-2EE6DE8512E4}.Debug|Any CPU.ActiveCfg = Debug|Any CPU
		{B008AB9D-2441-42F2-8B4E-2EE6DE8512E4}.Debug|Any CPU.Build.0 = Debug|Any CPU
		{B008AB9D-2441-42F2-8B4E-2EE6DE8512E4}.Release|Any CPU.ActiveCfg = Release|Any CPU
		{B008AB9D-2441-42F2-8B4E-2EE6DE8512E4}.Release|Any CPU.Build.0 = Release|Any CPU
		{22C2DE33-FEC6-4A80-ADE6-F28E080F1E8A}.Debug|Any CPU.ActiveCfg = Debug|Any CPU
		{22C2DE33-FEC6-4A80-ADE6-F28E080F1E8A}.Debug|Any CPU.Build.0 = Debug|Any CPU
		{22C2DE33-FEC6-4A80-ADE6-F28E080F1E8A}.Release|Any CPU.ActiveCfg = Release|Any CPU
		{22C2DE33-FEC6-4A80-ADE6-F28E080F1E8A}.Release|Any CPU.Build.0 = Release|Any CPU
		{71B48C97-7A88-4B21-9B82-A047FBAC9B1B}.Debug|Any CPU.ActiveCfg = Debug|Any CPU
		{71B48C97-7A88-4B21-9B82-A047FBAC9B1B}.Debug|Any CPU.Build.0 = Debug|Any CPU
		{71B48C97-7A88-4B21-9B82-A047FBAC9B1B}.Release|Any CPU.ActiveCfg = Release|Any CPU
		{71B48C97-7A88-4B21-9B82-A047FBAC9B1B}.Release|Any CPU.Build.0 = Release|Any CPU
		{5A4E1B6A-ECDD-4435-938D-3127E1C63E74}.Debug|Any CPU.ActiveCfg = Debug|Any CPU
		{5A4E1B6A-ECDD-4435-938D-3127E1C63E74}.Debug|Any CPU.Build.0 = Debug|Any CPU
		{5A4E1B6A-ECDD-4435-938D-3127E1C63E74}.Release|Any CPU.ActiveCfg = Release|Any CPU
		{5A4E1B6A-ECDD-4435-938D-3127E1C63E74}.Release|Any CPU.Build.0 = Release|Any CPU
	EndGlobalSection
	GlobalSection(SolutionProperties) = preSolution
		HideSolutionNode = FALSE
	EndGlobalSection
	GlobalSection(NestedProjects) = preSolution
		{4F6C87D3-CF63-49C7-9271-4883B0DCC3C4} = {FBAC7625-F21F-4D4D-A566-EADC3A9FB7D9}
		{FBAC7625-F21F-4D4D-A566-EADC3A9FB7D9} = {D9B82D6D-725F-4445-9577-119E16335A01}
		{8D2B35A2-1491-4986-9D08-E2A753A0CB2D} = {FBAC7625-F21F-4D4D-A566-EADC3A9FB7D9}
		{2D69E592-8AA6-469D-BC41-E76A963B77EB} = {D9B82D6D-725F-4445-9577-119E16335A01}
		{DB55F678-474B-4C16-8EB1-E1F4F12DF6A5} = {D9B82D6D-725F-4445-9577-119E16335A01}
		{69BC8213-7AEC-4FFE-A9A8-94DF7367BA4E} = {DB55F678-474B-4C16-8EB1-E1F4F12DF6A5}
		{B008AB9D-2441-42F2-8B4E-2EE6DE8512E4} = {DB55F678-474B-4C16-8EB1-E1F4F12DF6A5}
		{32677160-4201-47FD-8681-82693C939732} = {7C054C3F-A55D-4B9B-BBDD-33750831EA74}
		{F9A9CDB6-3381-4670-B6B8-22AC05465724} = {7C054C3F-A55D-4B9B-BBDD-33750831EA74}
		{1DE4054A-FC1C-4369-83A6-9D91336D49B4} = {32677160-4201-47FD-8681-82693C939732}
		{180DC7E6-ECCA-493E-8264-B27FDC0A40DE} = {32677160-4201-47FD-8681-82693C939732}
		{22C2DE33-FEC6-4A80-ADE6-F28E080F1E8A} = {2D69E592-8AA6-469D-BC41-E76A963B77EB}
		{71B48C97-7A88-4B21-9B82-A047FBAC9B1B} = {2D69E592-8AA6-469D-BC41-E76A963B77EB}
		{5A4E1B6A-ECDD-4435-938D-3127E1C63E74} = {1DE4054A-FC1C-4369-83A6-9D91336D49B4}
		{E4660CD5-4580-40BB-BEB4-261E819E6426} = {F9A9CDB6-3381-4670-B6B8-22AC05465724}
		{48D61DC2-E13C-4A02-B1E0-26F82EF95C44} = {F9A9CDB6-3381-4670-B6B8-22AC05465724}
	EndGlobalSection
	GlobalSection(ExtensibilityGlobals) = postSolution
		SolutionGuid = {028659EC-34BC-411A-B4D0-20357A42AB08}
	EndGlobalSection
EndGlobal
